
Microsoft Visual Studio Solution File, Format Version 12.00
# Visual Studio 14
VisualStudioVersion = 14.0.25420.1
MinimumVisualStudioVersion = 10.0.40219.1
Project("{FAE04EC0-301F-11D3-BF4B-00C04F79EFBC}") = "BastardFat.ProcessSniffer.Processes", "BastardFat.ProcessSniffer.Processes\BastardFat.ProcessSniffer.Processes.csproj", "{FBF2888D-6639-4745-A2A7-7239B951F993}"
EndProject
Project("{2150E333-8FDC-42A3-9474-1A3956D46DE8}") = "Tests", "Tests", "{82946893-3B21-458A-BF9F-5BEFD098E199}"
EndProject
Project("{FAE04EC0-301F-11D3-BF4B-00C04F79EFBC}") = "BastardFat.ProcessSniffer.Tests", "BastardFat.ProcessSniffer.Tests\BastardFat.ProcessSniffer.Tests.csproj", "{3CC63E6D-6943-4F8F-9233-ADBFD32ADC9B}"
EndProject
Global
	GlobalSection(SolutionConfigurationPlatforms) = preSolution
		Debug|Any CPU = Debug|Any CPU
		Release|Any CPU = Release|Any CPU
	EndGlobalSection
	GlobalSection(ProjectConfigurationPlatforms) = postSolution
		{FBF2888D-6639-4745-A2A7-7239B951F993}.Debug|Any CPU.ActiveCfg = Debug|Any CPU
		{FBF2888D-6639-4745-A2A7-7239B951F993}.Debug|Any CPU.Build.0 = Debug|Any CPU
		{FBF2888D-6639-4745-A2A7-7239B951F993}.Release|Any CPU.ActiveCfg = Release|Any CPU
		{FBF2888D-6639-4745-A2A7-7239B951F993}.Release|Any CPU.Build.0 = Release|Any CPU
		{3CC63E6D-6943-4F8F-9233-ADBFD32ADC9B}.Debug|Any CPU.ActiveCfg = Debug|Any CPU
		{3CC63E6D-6943-4F8F-9233-ADBFD32ADC9B}.Debug|Any CPU.Build.0 = Debug|Any CPU
		{3CC63E6D-6943-4F8F-9233-ADBFD32ADC9B}.Release|Any CPU.ActiveCfg = Release|Any CPU
		{3CC63E6D-6943-4F8F-9233-ADBFD32ADC9B}.Release|Any CPU.Build.0 = Release|Any CPU
	EndGlobalSection
	GlobalSection(SolutionProperties) = preSolution
		HideSolutionNode = FALSE
	EndGlobalSection
	GlobalSection(NestedProjects) = preSolution
		{3CC63E6D-6943-4F8F-9233-ADBFD32ADC9B} = {82946893-3B21-458A-BF9F-5BEFD098E199}
	EndGlobalSection
EndGlobal
